
Microsoft Visual Studio Solution File, Format Version 12.00
# Visual Studio Version 16
VisualStudioVersion = 16.0.32428.217
MinimumVisualStudioVersion = 10.0.40219.1
Project("{FAE04EC0-301F-11D3-BF4B-00C04F79EFBC}") = "Hardware.Android", "Hardware\Hardware.Android\Hardware.Android.csproj", "{0514B191-08FA-49FF-B5D7-BB6D3DA1D975}"
EndProject
Project("{FAE04EC0-301F-11D3-BF4B-00C04F79EFBC}") = "Hardware", "Hardware\Hardware\Hardware.csproj", "{F96ED7FA-FB2C-4BED-8271-8310F48E6046}"
EndProject
Global
	GlobalSection(SolutionConfigurationPlatforms) = preSolution
		Debug|Any CPU = Debug|Any CPU
		Release|Any CPU = Release|Any CPU
	EndGlobalSection
	GlobalSection(ProjectConfigurationPlatforms) = postSolution
		{0514B191-08FA-49FF-B5D7-BB6D3DA1D975}.Debug|Any CPU.ActiveCfg = Debug|Any CPU
		{0514B191-08FA-49FF-B5D7-BB6D3DA1D975}.Debug|Any CPU.Build.0 = Debug|Any CPU
		{0514B191-08FA-49FF-B5D7-BB6D3DA1D975}.Debug|Any CPU.Deploy.0 = Debug|Any CPU
		{0514B191-08FA-49FF-B5D7-BB6D3DA1D975}.Release|Any CPU.ActiveCfg = Release|Any CPU
		{0514B191-08FA-49FF-B5D7-BB6D3DA1D975}.Release|Any CPU.Build.0 = Release|Any CPU
		{0514B191-08FA-49FF-B5D7-BB6D3DA1D975}.Release|Any CPU.Deploy.0 = Release|Any CPU
		{F96ED7FA-FB2C-4BED-8271-8310F48E6046}.Debug|Any CPU.ActiveCfg = Debug|Any CPU
		{F96ED7FA-FB2C-4BED-8271-8310F48E6046}.Debug|Any CPU.Build.0 = Debug|Any CPU
		{F96ED7FA-FB2C-4BED-8271-8310F48E6046}.Debug|Any CPU.Deploy.0 = Debug|Any CPU
		{F96ED7FA-FB2C-4BED-8271-8310F48E6046}.Release|Any CPU.ActiveCfg = Release|Any CPU
		{F96ED7FA-FB2C-4BED-8271-8310F48E6046}.Release|Any CPU.Build.0 = Release|Any CPU
		{F96ED7FA-FB2C-4BED-8271-8310F48E6046}.Release|Any CPU.Deploy.0 = Release|Any CPU
	EndGlobalSection
	GlobalSection(SolutionProperties) = preSolution
		HideSolutionNode = FALSE
	EndGlobalSection
	GlobalSection(ExtensibilityGlobals) = postSolution
		SolutionGuid = {9DDAE314-A2F4-483A-87D9-3AFC2ED6EF5D}
	EndGlobalSection
EndGlobal
